Microsoft Visual Studio Solution File, Format Version 12.00
# Visual Studio Version 16
VisualStudioVersion = 16.0.30523.141
MinimumVisualStudioVersion = 10.0.40219.1
Project("{8BC9CEB8-8B4A-11D0-8D11-00A0C91BC942}") = "ssc19", "ssc19.vcxproj", "{267FF320-A1F2-453B-B242-BD51EB2C54D6}"
	ProjectSection(ProjectDependencies) = postProject
		{19E11ED4-2652-40E1-9EBB-F69A244C7301} = {19E11ED4-2652-40E1-9EBB-F69A244C7301}
	EndProjectSection
EndProject
Project("{8BC9CEB8-8B4A-11D0-8D11-00A0C91BC942}") = "ssc19-test", "ssc19-test.vcxproj", "{19E11ED4-2652-40E1-9EBB-F69A244C7301}"
EndProject
Project("{E24C65DC-7377-472B-9ABA-BC803B73C61A}") = "httpd", "..\httpd\", "{877D6E48-0591-4253-A36B-2E517EB3732E}"
	ProjectSection(WebsiteProperties) = preProject
		TargetFrameworkMoniker = ".NETFramework,Version%3Dv4.0"
		Debug.AspNetCompiler.VirtualPath = "/localhost_10953"
		Debug.AspNetCompiler.PhysicalPath = "..\httpd\"
		Debug.AspNetCompiler.TargetPath = "PrecompiledWeb\localhost_10953\"
		Debug.AspNetCompiler.Updateable = "true"
		Debug.AspNetCompiler.ForceOverwrite = "true"
		Debug.AspNetCompiler.FixedNames = "false"
		Debug.AspNetCompiler.Debug = "True"
		Release.AspNetCompiler.VirtualPath = "/localhost_10953"
		Release.AspNetCompiler.PhysicalPath = "..\httpd\"
		Release.AspNetCompiler.TargetPath = "PrecompiledWeb\localhost_10953\"
		Release.AspNetCompiler.Updateable = "true"
		Release.AspNetCompiler.ForceOverwrite = "true"
		Release.AspNetCompiler.FixedNames = "false"
		Release.AspNetCompiler.Debug = "False"
		VWDPort = "10953"
		SlnRelativePath = "..\httpd\"
	EndProjectSection
EndProject
Global
	GlobalSection(SolutionConfigurationPlatforms) = preSolution
		Debug|Any CPU = Debug|Any CPU
		Debug|x64 = Debug|x64
		profile|Any CPU = profile|Any CPU
		profile|x64 = profile|x64
		Release|Any CPU = Release|Any CPU
		Release|x64 = Release|x64
	EndGlobalSection
	GlobalSection(ProjectConfigurationPlatforms) = postSolution
		{267FF320-A1F2-453B-B242-BD51EB2C54D6}.Debug|Any CPU.ActiveCfg = Debug|Win32
		{267FF320-A1F2-453B-B242-BD51EB2C54D6}.Debug|x64.ActiveCfg = Debug|x64
		{267FF320-A1F2-453B-B242-BD51EB2C54D6}.Debug|x64.Build.0 = Debug|x64
		{267FF320-A1F2-453B-B242-BD51EB2C54D6}.profile|Any CPU.ActiveCfg = profile|Win32
		{267FF320-A1F2-453B-B242-BD51EB2C54D6}.profile|x64.ActiveCfg = profile|x64
		{267FF320-A1F2-453B-B242-BD51EB2C54D6}.profile|x64.Build.0 = profile|x64
		{267FF320-A1F2-453B-B242-BD51EB2C54D6}.Release|Any CPU.ActiveCfg = Release|Win32
		{267FF320-A1F2-453B-B242-BD51EB2C54D6}.Release|x64.ActiveCfg = Release|x64
		{267FF320-A1F2-453B-B242-BD51EB2C54D6}.Release|x64.Build.0 = Release|x64
		{19E11ED4-2652-40E1-9EBB-F69A244C7301}.Debug|Any CPU.ActiveCfg = Debug|Win32
		{19E11ED4-2652-40E1-9EBB-F69A244C7301}.Debug|x64.ActiveCfg = Debug|x64
		{19E11ED4-2652-40E1-9EBB-F69A244C7301}.Debug|x64.Build.0 = Debug|x64
		{19E11ED4-2652-40E1-9EBB-F69A244C7301}.profile|Any CPU.ActiveCfg = Release|x64
		{19E11ED4-2652-40E1-9EBB-F69A244C7301}.profile|Any CPU.Build.0 = Release|x64
		{19E11ED4-2652-40E1-9EBB-F69A244C7301}.profile|x64.ActiveCfg = Release|x64
		{19E11ED4-2652-40E1-9EBB-F69A244C7301}.profile|x64.Build.0 = Release|x64
		{19E11ED4-2652-40E1-9EBB-F69A244C7301}.Release|Any CPU.ActiveCfg = Release|Win32
		{19E11ED4-2652-40E1-9EBB-F69A244C7301}.Release|x64.ActiveCfg = Release|x64
		{19E11ED4-2652-40E1-9EBB-F69A244C7301}.Release|x64.Build.0 = Release|x64
		{877D6E48-0591-4253-A36B-2E517EB3732E}.Debug|Any CPU.ActiveCfg = Debug|Any CPU
		{877D6E48-0591-4253-A36B-2E517EB3732E}.Debug|Any CPU.Build.0 = Debug|Any CPU
		{877D6E48-0591-4253-A36B-2E517EB3732E}.Debug|x64.ActiveCfg = Debug|Any CPU
		{877D6E48-0591-4253-A36B-2E517EB3732E}.Debug|x64.Build.0 = Debug|Any CPU
		{877D6E48-0591-4253-A36B-2E517EB3732E}.profile|Any CPU.ActiveCfg = Debug|Any CPU
		{877D6E48-0591-4253-A36B-2E517EB3732E}.profile|Any CPU.Build.0 = Debug|Any CPU
		{877D6E48-0591-4253-A36B-2E517EB3732E}.profile|x64.ActiveCfg = Debug|Any CPU
		{877D6E48-0591-4253-A36B-2E517EB3732E}.profile|x64.Build.0 = Debug|Any CPU
		{877D6E48-0591-4253-A36B-2E517EB3732E}.Release|Any CPU.ActiveCfg = Debug|Any CPU
		{877D6E48-0591-4253-A36B-2E517EB3732E}.Release|Any CPU.Build.0 = Debug|Any CPU
		{877D6E48-0591-4253-A36B-2E517EB3732E}.Release|x64.ActiveCfg = Debug|Any CPU
		{877D6E48-0591-4253-A36B-2E517EB3732E}.Release|x64.Build.0 = Debug|Any CPU
	EndGlobalSection
	GlobalSection(SolutionProperties) = preSolution
		HideSolutionNode = FALSE
	EndGlobalSection
	GlobalSection(ExtensibilityGlobals) = postSolution
		SolutionGuid = {885A65A5-5197-4374-8037-2D297D9BB7F2}
	EndGlobalSection
EndGlobal
