<?xml version="1.0" encoding="utf-8"?>
<Project ToolsVersion="4.0" xmlns="http://schemas.microsoft.com/developer/msbuild/2003">
  <ItemGroup>
    <Filter Include="Sauce">
      <UniqueIdentifier>{4FC737F1-C7A5-4376-A066-2A32D752A2FF}</UniqueIdentifier>
      <Extensions>cpp;c;cc;cxx;c++;cppm;ixx;def;odl;idl;hpj;bat;asm;asmx</Extensions>
    </Filter>
    <Filter Include="Sauce\attribute">
      <UniqueIdentifier>{2b002c52-7559-44d7-bfe4-08ea285048d4}</UniqueIdentifier>
    </Filter>
    <Filter Include="Sauce\css">
      <UniqueIdentifier>{66b59b4e-e432-4545-9aff-83b263fe16b8}</UniqueIdentifier>
    </Filter>
    <Filter Include="Sauce\element">
      <UniqueIdentifier>{2643360c-295b-4159-ac05-a442caec50aa}</UniqueIdentifier>
    </Filter>
    <Filter Include="Sauce\feedback">
      <UniqueIdentifier>{8c6df21e-be9a-48e8-9df8-d8e8f98a0149}</UniqueIdentifier>
    </Filter>
    <Filter Include="Sauce\main">
      <UniqueIdentifier>{6a1060c6-7c5d-41b3-9ff5-c807e2c29f4c}</UniqueIdentifier>
    </Filter>
    <Filter Include="Sauce\microdata">
      <UniqueIdentifier>{6128eee8-2f45-409f-b2b9-f1ab3573dcf5}</UniqueIdentifier>
    </Filter>
    <Filter Include="Sauce\microformat">
      <UniqueIdentifier>{cc965c0e-a763-4280-862c-b205e2c2ee1f}</UniqueIdentifier>
    </Filter>
    <Filter Include="Sauce\parser">
      <UniqueIdentifier>{8dace281-67f1-40e7-a133-e18a7a87fa9c}</UniqueIdentifier>
    </Filter>
    <Filter Include="Sauce\schema">
      <UniqueIdentifier>{e68d6ed1-9278-45a4-8317-c8c30a9c0c3b}</UniqueIdentifier>
    </Filter>
    <Filter Include="Sauce\stats">
      <UniqueIdentifier>{707bc468-2dc9-419a-bc12-8a6c3ac18cb0}</UniqueIdentifier>
    </Filter>
    <Filter Include="Sauce\type">
      <UniqueIdentifier>{f1926fcc-e498-4642-b619-ad713ff77778}</UniqueIdentifier>
    </Filter>
    <Filter Include="Sauce\url">
      <UniqueIdentifier>{47c640c6-9e7c-458c-a74e-54bf0c31e38b}</UniqueIdentifier>
    </Filter>
    <Filter Include="Sauce\utility">
      <UniqueIdentifier>{819a17cf-30af-4980-80b5-3056a3de4de0}</UniqueIdentifier>
    </Filter>
    <Filter Include="Sauce\webpage">
      <UniqueIdentifier>{d11fd83d-2a60-41d8-90af-5e7fb82af0cc}</UniqueIdentifier>
    </Filter>
    <Filter Include="Sauce\symbol">
      <UniqueIdentifier>{1af9fe7a-0d77-4453-a0ec-cc37f94ba894}</UniqueIdentifier>
    </Filter>
    <Filter Include="Heater">
      <UniqueIdentifier>{93995380-89BD-4b04-88EB-625FBE52EBFB}</UniqueIdentifier>
      <Extensions>h;hh;hpp;hxx;h++;hm;inl;inc;ipp;xsd</Extensions>
    </Filter>
    <Filter Include="Heater\attribute">
      <UniqueIdentifier>{19ea1061-547d-4eed-8370-9cddf950002a}</UniqueIdentifier>
    </Filter>
    <Filter Include="Heater\css">
      <UniqueIdentifier>{c9f42355-86c6-4587-b7ec-876b7e5f0d01}</UniqueIdentifier>
    </Filter>
    <Filter Include="Heater\element">
      <UniqueIdentifier>{aa0d99a5-30ce-40d9-a5bf-6f7600e0e66d}</UniqueIdentifier>
    </Filter>
    <Filter Include="Heater\feedback">
      <UniqueIdentifier>{e8501eb8-54cf-4210-9db9-85ad8cfda2ba}</UniqueIdentifier>
    </Filter>
    <Filter Include="Heater\main">
      <UniqueIdentifier>{f98a70ec-4ac3-4ae1-99b8-d9e4b26865b5}</UniqueIdentifier>
    </Filter>
    <Filter Include="Heater\microdata">
      <UniqueIdentifier>{1d9193b5-3077-4a9b-9670-2e379063e174}</UniqueIdentifier>
    </Filter>
    <Filter Include="Heater\microformat">
      <UniqueIdentifier>{176089fe-c2a3-43e3-be30-88d2e473d542}</UniqueIdentifier>
    </Filter>
    <Filter Include="Heater\parser">
      <UniqueIdentifier>{5eadd391-6a7f-42b3-b559-f7b7e6a9532b}</UniqueIdentifier>
    </Filter>
    <Filter Include="Heater\schema">
      <UniqueIdentifier>{acbe307a-039a-4fed-ad19-20d217dea9ed}</UniqueIdentifier>
    </Filter>
    <Filter Include="Heater\stats">
      <UniqueIdentifier>{1ae820a1-efcf-4b25-8671-5e2f5ee62fff}</UniqueIdentifier>
    </Filter>
    <Filter Include="Heater\symbol">
      <UniqueIdentifier>{4c2cb27f-f579-4cfb-8d2f-d8d883656a41}</UniqueIdentifier>
    </Filter>
    <Filter Include="Heater\type">
      <UniqueIdentifier>{fb258d42-293c-4b07-b191-c01dac52571b}</UniqueIdentifier>
    </Filter>
    <Filter Include="Heater\url">
      <UniqueIdentifier>{6da6a0f0-146a-4551-a2ad-1dd423cddcd8}</UniqueIdentifier>
    </Filter>
    <Filter Include="Heater\utility">
      <UniqueIdentifier>{acf09905-2aab-4953-a2d8-9eb6a41efa1c}</UniqueIdentifier>
    </Filter>
    <Filter Include="Heater\webpage">
      <UniqueIdentifier>{d95b5002-4163-4394-8dfd-986e8bbcc54d}</UniqueIdentifier>
    </Filter>
    <Filter Include="Tea">
      <UniqueIdentifier>{f502dc84-5469-43e2-b6c3-5f854d2abfc6}</UniqueIdentifier>
    </Filter>
    <Filter Include="Resources">
      <UniqueIdentifier>{f9da4fcf-967b-4b22-85da-f289a47b68f2}</UniqueIdentifier>
    </Filter>
    <Filter Include="Heater\icu">
      <UniqueIdentifier>{06af5382-243f-4fd9-b295-e68178751d47}</UniqueIdentifier>
    </Filter>
    <Filter Include="Sauce\icu">
      <UniqueIdentifier>{5d9f1c30-46e6-4c7a-87eb-6638126c4026}</UniqueIdentifier>
    </Filter>
    <Filter Include="Info">
      <UniqueIdentifier>{4e391135-fe4a-4fa8-bbb7-0b670730fd6d}</UniqueIdentifier>
    </Filter>
    <Filter Include="Heater\rdf">
      <UniqueIdentifier>{7b78cc92-34ec-4dad-9d1e-e845eb671c13}</UniqueIdentifier>
    </Filter>
    <Filter Include="Sauce\rdf">
      <UniqueIdentifier>{cdb9263d-b9d9-4b8c-84fa-9ea131600388}</UniqueIdentifier>
    </Filter>
    <Filter Include="Heater\spell">
      <UniqueIdentifier>{445f60ea-573f-4265-a3b9-4536681bf8e7}</UniqueIdentifier>
    </Filter>
    <Filter Include="Sauce\spell">
      <UniqueIdentifier>{9e8e8071-cdc7-4857-ae75-3bb54291d934}</UniqueIdentifier>
    </Filter>
    <Filter Include="Heater\coop">
      <UniqueIdentifier>{a583e599-904f-4ad1-b26b-1211b95f72f8}</UniqueIdentifier>
    </Filter>
    <Filter Include="Sauce\coop">
      <UniqueIdentifier>{8edcc31e-916e-4445-aa70-1fc835093834}</UniqueIdentifier>
    </Filter>
    <Filter Include="Heater\base">
      <UniqueIdentifier>{e3256750-bb53-46d1-8c48-ea35a90747be}</UniqueIdentifier>
    </Filter>
    <Filter Include="Heater\compound">
      <UniqueIdentifier>{3f5459b0-3a7b-4912-8073-005e127c9748}</UniqueIdentifier>
    </Filter>
    <Filter Include="Heater\enum">
      <UniqueIdentifier>{64931e78-70da-4e2b-9e41-1137f9679038}</UniqueIdentifier>
    </Filter>
    <Filter Include="Heater\simple">
      <UniqueIdentifier>{6e3b23b3-cfd2-4d76-8f9b-5df9d6ae40c2}</UniqueIdentifier>
    </Filter>
    <Filter Include="Sauce\base">
      <UniqueIdentifier>{f2a5faf1-88e5-4de2-9ace-da5234bba218}</UniqueIdentifier>
    </Filter>
    <Filter Include="Sauce\compound">
      <UniqueIdentifier>{e74cf877-3497-4917-9dd7-3cdff00bd7d0}</UniqueIdentifier>
    </Filter>
    <Filter Include="Sauce\enum">
      <UniqueIdentifier>{5a75f797-9c9d-4a15-95e7-9adb8a4eea75}</UniqueIdentifier>
    </Filter>
    <Filter Include="Sauce\simple">
      <UniqueIdentifier>{987d1a26-1296-4174-a1b0-367a8fa1eaa3}</UniqueIdentifier>
    </Filter>
  </ItemGroup>
  <ItemGroup>
    <ClInclude Include="..\heater\attribute\attr.h">
      <Filter>Heater\attribute</Filter>
    </ClInclude>
    <ClInclude Include="..\heater\attribute\attribute.h">
      <Filter>Heater\attribute</Filter>
    </ClInclude>
    <ClInclude Include="..\heater\attribute\attribute_classes.h">
      <Filter>Heater\attribute</Filter>
    </ClInclude>
    <ClInclude Include="..\heater\attribute\attributes.h">
      <Filter>Heater\attribute</Filter>
    </ClInclude>
    <ClInclude Include="..\heater\attribute\avm.h">
      <Filter>Heater\attribute</Filter>
    </ClInclude>
    <ClInclude Include="..\heater\element\element_attribute.h">
      <Filter>Heater\element</Filter>
    </ClInclude>
    <ClInclude Include="..\heater\element\element_classes.h">
      <Filter>Heater\element</Filter>
    </ClInclude>
    <ClInclude Include="..\heater\element\parentage.h">
      <Filter>Heater\element</Filter>
    </ClInclude>
    <ClInclude Include="..\heater\element\state.h">
      <Filter>Heater\element</Filter>
    </ClInclude>
    <ClInclude Include="..\heater\element\elem.h">
      <Filter>Heater\element</Filter>
    </ClInclude>
    <ClInclude Include="..\heater\element\element.h">
      <Filter>Heater\element</Filter>
    </ClInclude>
    <ClInclude Include="..\heater\feedback\nit.h">
      <Filter>Heater\feedback</Filter>
    </ClInclude>
    <ClInclude Include="..\heater\feedback\nitnames.h">
      <Filter>Heater\feedback</Filter>
    </ClInclude>
    <ClInclude Include="..\heater\feedback\nitpick.h">
      <Filter>Heater\feedback</Filter>
    </ClInclude>
    <ClInclude Include="..\heater\main\args.h">
      <Filter>Heater\main</Filter>
    </ClInclude>
    <ClInclude Include="..\heater\main\context.h">
      <Filter>Heater\main</Filter>
    </ClInclude>
    <ClInclude Include="..\heater\main\include.h">
      <Filter>Heater\main</Filter>
    </ClInclude>
    <ClInclude Include="..\heater\main\options.h">
      <Filter>Heater\main</Filter>
    </ClInclude>
    <ClInclude Include="..\heater\main\standard.h">
      <Filter>Heater\main</Filter>
    </ClInclude>
    <ClInclude Include="..\heater\main\version.h">
      <Filter>Heater\main</Filter>
    </ClInclude>
    <ClInclude Include="..\heater\microdata\microdata_export.h">
      <Filter>Heater\microdata</Filter>
    </ClInclude>
    <ClInclude Include="..\heater\microdata\microdata_itemid.h">
      <Filter>Heater\microdata</Filter>
    </ClInclude>
    <ClInclude Include="..\heater\microdata\microdata_itemprop.h">
      <Filter>Heater\microdata</Filter>
    </ClInclude>
    <ClInclude Include="..\heater\microdata\microdata_itemscope.h">
      <Filter>Heater\microdata</Filter>
    </ClInclude>
    <ClInclude Include="..\heater\microdata\microdata_itemtype.h">
      <Filter>Heater\microdata</Filter>
    </ClInclude>
    <ClInclude Include="..\heater\microformat\connection.h">
      <Filter>Heater\microformat</Filter>
    </ClInclude>
    <ClInclude Include="..\heater\microformat\family.h">
      <Filter>Heater\microformat</Filter>
    </ClInclude>
    <ClInclude Include="..\heater\microformat\field.h">
      <Filter>Heater\microformat</Filter>
    </ClInclude>
    <ClInclude Include="..\heater\microformat\microformat.h">
      <Filter>Heater\microformat</Filter>
    </ClInclude>
    <ClInclude Include="..\heater\microformat\microformat_classes.h">
      <Filter>Heater\microformat</Filter>
    </ClInclude>
    <ClInclude Include="..\heater\microformat\microformat_constructor.h">
      <Filter>Heater\microformat</Filter>
    </ClInclude>
    <ClInclude Include="..\heater\microformat\microformat_export.h">
      <Filter>Heater\microformat</Filter>
    </ClInclude>
    <ClInclude Include="..\heater\microformat\microformat_export_rel.h">
      <Filter>Heater\microformat</Filter>
    </ClInclude>
    <ClInclude Include="..\heater\microformat\microformat_properties.h">
      <Filter>Heater\microformat</Filter>
    </ClInclude>
    <ClInclude Include="..\heater\microformat\microformats.h">
      <Filter>Heater\microformat</Filter>
    </ClInclude>
    <ClInclude Include="..\heater\microformat\microformats_ptr.h">
      <Filter>Heater\microformat</Filter>
    </ClInclude>
    <ClInclude Include="..\heater\microformat\prop.h">
      <Filter>Heater\microformat</Filter>
    </ClInclude>
    <ClInclude Include="..\heater\microformat\property.h">
      <Filter>Heater\microformat</Filter>
    </ClInclude>
    <ClInclude Include="..\heater\microformat\property_classes.h">
      <Filter>Heater\microformat</Filter>
    </ClInclude>
    <ClInclude Include="..\heater\microformat\property_value.h">
      <Filter>Heater\microformat</Filter>
    </ClInclude>
    <ClInclude Include="..\heater\microformat\sibling.h">
      <Filter>Heater\microformat</Filter>
    </ClInclude>
    <ClInclude Include="..\heater\parser\html_version.h">
      <Filter>Heater\parser</Filter>
    </ClInclude>
    <ClInclude Include="..\heater\parser\parse_attribute.h">
      <Filter>Heater\parser</Filter>
    </ClInclude>
    <ClInclude Include="..\heater\parser\parse_attributes.h">
      <Filter>Heater\parser</Filter>
    </ClInclude>
    <ClInclude Include="..\heater\parser\parse_css.h">
      <Filter>Heater\parser</Filter>
    </ClInclude>
    <ClInclude Include="..\heater\parser\parse_element.h">
      <Filter>Heater\parser</Filter>
    </ClInclude>
    <ClInclude Include="..\heater\parser\parse_elements.h">
      <Filter>Heater\parser</Filter>
    </ClInclude>
    <ClInclude Include="..\heater\parser\parse_ssi.h">
      <Filter>Heater\parser</Filter>
    </ClInclude>
    <ClInclude Include="..\heater\parser\text.h">
      <Filter>Heater\parser</Filter>
    </ClInclude>
    <ClInclude Include="..\heater\parser\xhtml_xml.h">
      <Filter>Heater\parser</Filter>
    </ClInclude>
    <ClInclude Include="..\heater\schema\schema_hierarchy.h">
      <Filter>Heater\schema</Filter>
    </ClInclude>
    <ClInclude Include="..\heater\schema\schema_property.h">
      <Filter>Heater\schema</Filter>
    </ClInclude>
    <ClInclude Include="..\heater\schema\schema_structure.h">
      <Filter>Heater\schema</Filter>
    </ClInclude>
    <ClInclude Include="..\heater\schema\schema_type.h">
      <Filter>Heater\schema</Filter>
    </ClInclude>
    <ClInclude Include="..\heater\schema\schema_version.h">
      <Filter>Heater\schema</Filter>
    </ClInclude>
    <ClInclude Include="..\heater\stats\stats.h">
      <Filter>Heater\stats</Filter>
    </ClInclude>
    <ClInclude Include="..\heater\stats\stats_impl.h">
      <Filter>Heater\stats</Filter>
    </ClInclude>
    <ClInclude Include="..\heater\stats\stats0.h">
      <Filter>Heater\stats</Filter>
    </ClInclude>
    <ClInclude Include="..\heater\stats\stats1.h">
      <Filter>Heater\stats</Filter>
    </ClInclude>
    <ClInclude Include="..\heater\stats\stats2.h">
      <Filter>Heater\stats</Filter>
    </ClInclude>
    <ClInclude Include="..\heater\symbol\symbol.h">
      <Filter>Heater\symbol</Filter>
    </ClInclude>
    <ClInclude Include="..\heater\symbol\symbol_table.h">
      <Filter>Heater\symbol</Filter>
    </ClInclude>
    <ClInclude Include="..\heater\type\type.h">
      <Filter>Heater\type</Filter>
    </ClInclude>
    <ClInclude Include="..\heater\url\url.h">
      <Filter>Heater\url</Filter>
    </ClInclude>
    <ClInclude Include="..\heater\url\url_parameters.h">
      <Filter>Heater\url</Filter>
    </ClInclude>
    <ClInclude Include="..\heater\url\url_protocol.h">
      <Filter>Heater\url</Filter>
    </ClInclude>
    <ClInclude Include="..\heater\url\url_sanitise.h">
      <Filter>Heater\url</Filter>
    </ClInclude>
    <ClInclude Include="..\heater\url\url_scheme.h">
      <Filter>Heater\url</Filter>
    </ClInclude>
    <ClInclude Include="..\heater\url\url_schemes.h">
      <Filter>Heater\url</Filter>
    </ClInclude>
    <ClInclude Include="..\heater\utility\bigvector.h">
      <Filter>Heater\utility</Filter>
    </ClInclude>
    <ClInclude Include="..\heater\utility\byteorder.h">
      <Filter>Heater\utility</Filter>
    </ClInclude>
    <ClInclude Include="..\heater\utility\common.h">
      <Filter>Heater\utility</Filter>
    </ClInclude>
    <ClInclude Include="..\heater\utility\lexical.h">
      <Filter>Heater\utility</Filter>
    </ClInclude>
    <ClInclude Include="..\heater\utility\quote.h">
      <Filter>Heater\utility</Filter>
    </ClInclude>
    <ClInclude Include="..\heater\utility\tuple.h">
      <Filter>Heater\utility</Filter>
    </ClInclude>
    <ClInclude Include="..\heater\webpage\crosslink.h">
      <Filter>Heater\webpage</Filter>
    </ClInclude>
    <ClInclude Include="..\heater\webpage\directory.h">
      <Filter>Heater\webpage</Filter>
    </ClInclude>
    <ClInclude Include="..\heater\webpage\external.h">
      <Filter>Heater\webpage</Filter>
    </ClInclude>
    <ClInclude Include="..\heater\webpage\fileindex.h">
      <Filter>Heater\webpage</Filter>
    </ClInclude>
    <ClInclude Include="..\heater\webpage\headers.h">
      <Filter>Heater\webpage</Filter>
    </ClInclude>
    <ClInclude Include="..\heater\webpage\id.h">
      <Filter>Heater\webpage</Filter>
    </ClInclude>
    <ClInclude Include="..\heater\webpage\page.h">
      <Filter>Heater\webpage</Filter>
    </ClInclude>
    <ClInclude Include="..\heater\webpage\root.h">
      <Filter>Heater\webpage</Filter>
    </ClInclude>
    <ClInclude Include="resource.h">
      <Filter>Resources</Filter>
    </ClInclude>
    <ClInclude Include="..\heater\schema\schema_name.h">
      <Filter>Heater\schema</Filter>
    </ClInclude>
    <ClInclude Include="..\heater\icu\wrapper.h">
      <Filter>Heater\icu</Filter>
    </ClInclude>
    <ClInclude Include="..\heater\icu\charset.h">
      <Filter>Heater\icu</Filter>
    </ClInclude>
    <ClInclude Include="..\heater\type\type_csp.h">
      <Filter>Heater\type</Filter>
    </ClInclude>
    <ClInclude Include="..\heater\stats\stats3.h">
      <Filter>Heater\stats</Filter>
    </ClInclude>
    <ClInclude Include="..\heater\icu\converter.h">
      <Filter>Heater\icu</Filter>
    </ClInclude>
    <ClInclude Include="..\heater\stats\stats4.h">
      <Filter>Heater\stats</Filter>
    </ClInclude>
    <ClInclude Include="..\heater\parser\pattern.h">
      <Filter>Heater\parser</Filter>
    </ClInclude>
    <ClInclude Include="..\heater\symbol\symbol_entry.h">
      <Filter>Heater\symbol</Filter>
    </ClInclude>
    <ClInclude Include="..\heater\symbol\symbol_key.h">
      <Filter>Heater\symbol</Filter>
    </ClInclude>
    <ClInclude Include="..\heater\symbol\symbol_store.h">
      <Filter>Heater\symbol</Filter>
    </ClInclude>
    <ClInclude Include="..\heater\webpage\corpus.h">
      <Filter>Heater\webpage</Filter>
    </ClInclude>
    <ClInclude Include="..\heater\parser\text-data.h">
      <Filter>Heater\parser</Filter>
    </ClInclude>
    <ClInclude Include="..\heater\attribute\avm_data.h">
      <Filter>Heater\attribute</Filter>
    </ClInclude>
    <ClInclude Include="..\heater\attribute\namespace.h">
      <Filter>Heater\attribute</Filter>
    </ClInclude>
    <ClInclude Include="..\heater\main\abort.h">
      <Filter>Heater\main</Filter>
    </ClInclude>
    <ClInclude Include="..\heater\utility\filesystem.h">
      <Filter>Heater\utility</Filter>
    </ClInclude>
    <ClInclude Include="..\heater\parser\parse_prefix.h">
      <Filter>Heater\parser</Filter>
    </ClInclude>
    <ClInclude Include="..\heater\rdf\rdf.h">
      <Filter>Heater\rdf</Filter>
    </ClInclude>
    <ClInclude Include="..\heater\parser\parse_abb.h">
      <Filter>Heater\parser</Filter>
    </ClInclude>
    <ClInclude Include="..\heater\symbol\nstr.h">
      <Filter>Heater\symbol</Filter>
    </ClInclude>
    <ClInclude Include="..\heater\feedback\nitout.h">
      <Filter>Heater\feedback</Filter>
    </ClInclude>
    <ClInclude Include="..\heater\rdf\rdfa_prop.h">
      <Filter>Heater\rdf</Filter>
    </ClInclude>
    <ClInclude Include="..\heater\rdf\rdfa_type.h">
      <Filter>Heater\rdf</Filter>
    </ClInclude>
    <ClInclude Include="..\heater\parser\jsonic.h">
      <Filter>Heater\parser</Filter>
    </ClInclude>
    <ClInclude Include="..\heater\spell\spell.h">
      <Filter>Heater\spell</Filter>
    </ClInclude>
    <ClInclude Include="..\heater\icu\lingo.h">
      <Filter>Heater\icu</Filter>
    </ClInclude>
    <ClInclude Include="..\heater\spell\phrase.h">
      <Filter>Heater\spell</Filter>
    </ClInclude>
    <ClInclude Include="..\heater\schema\jsonld.h">
      <Filter>Heater\schema</Filter>
    </ClInclude>
    <ClInclude Include="..\heater\coop\fred.h">
      <Filter>Heater\coop</Filter>
    </ClInclude>
    <ClInclude Include="..\heater\coop\kew.h">
      <Filter>Heater\coop</Filter>
    </ClInclude>
    <ClInclude Include="..\heater\coop\knickers.h">
      <Filter>Heater\coop</Filter>
    </ClInclude>
    <ClInclude Include="..\heater\coop\lox.h">
      <Filter>Heater\coop</Filter>
    </ClInclude>
    <ClInclude Include="..\heater\main\output.h">
      <Filter>Heater\main</Filter>
    </ClInclude>
    <ClInclude Include="..\heater\webpage\q.h">
      <Filter>Heater\webpage</Filter>
    </ClInclude>
    <ClInclude Include="..\heater\utility\cache.h">
      <Filter>Heater\utility</Filter>
    </ClInclude>
    <ClInclude Include="..\heater\url\curl.h">
      <Filter>Heater\url</Filter>
    </ClInclude>
    <ClInclude Include="..\heater\attribute\attr_state.h">
      <Filter>Heater\attribute</Filter>
    </ClInclude>
    <ClInclude Include="..\heater\css\arguments.h">
      <Filter>Heater\css</Filter>
    </ClInclude>
    <ClInclude Include="..\heater\css\css.h">
      <Filter>Heater\css</Filter>
    </ClInclude>
    <ClInclude Include="..\heater\css\css_attribute.h">
      <Filter>Heater\css</Filter>
    </ClInclude>
    <ClInclude Include="..\heater\css\css_class.h">
      <Filter>Heater\css</Filter>
    </ClInclude>
    <ClInclude Include="..\heater\css\css_element.h">
      <Filter>Heater\css</Filter>
    </ClInclude>
    <ClInclude Include="..\heater\css\css_parse.h">
      <Filter>Heater\css</Filter>
    </ClInclude>
    <ClInclude Include="..\heater\css\css_state.h">
      <Filter>Heater\css</Filter>
    </ClInclude>
    <ClInclude Include="..\heater\css\decoration.h">
      <Filter>Heater\css</Filter>
    </ClInclude>
    <ClInclude Include="..\heater\css\distilled.h">
      <Filter>Heater\css</Filter>
    </ClInclude>
    <ClInclude Include="..\heater\css\flags.h">
      <Filter>Heater\css</Filter>
    </ClInclude>
    <ClInclude Include="..\heater\css\fn.h">
      <Filter>Heater\css</Filter>
    </ClInclude>
    <ClInclude Include="..\heater\css\global.h">
      <Filter>Heater\css</Filter>
    </ClInclude>
    <ClInclude Include="..\heater\css\group.h">
      <Filter>Heater\css</Filter>
    </ClInclude>
    <ClInclude Include="..\heater\css\id.h">
      <Filter>Heater\css</Filter>
    </ClInclude>
    <ClInclude Include="..\heater\css\properties.h">
      <Filter>Heater\css</Filter>
    </ClInclude>
    <ClInclude Include="..\heater\css\property.h">
      <Filter>Heater\css</Filter>
    </ClInclude>
    <ClInclude Include="..\heater\css\property_classes.h">
      <Filter>Heater\css</Filter>
    </ClInclude>
    <ClInclude Include="..\heater\css\rule.h">
      <Filter>Heater\css</Filter>
    </ClInclude>
    <ClInclude Include="..\heater\css\rules.h">
      <Filter>Heater\css</Filter>
    </ClInclude>
    <ClInclude Include="..\heater\css\selector.h">
      <Filter>Heater\css</Filter>
    </ClInclude>
    <ClInclude Include="..\heater\css\selectors.h">
      <Filter>Heater\css</Filter>
    </ClInclude>
    <ClInclude Include="..\heater\css\statement.h">
      <Filter>Heater\css</Filter>
    </ClInclude>
    <ClInclude Include="..\heater\css\statements.h">
      <Filter>Heater\css</Filter>
    </ClInclude>
    <ClInclude Include="..\heater\css\typed_property.h">
      <Filter>Heater\css</Filter>
    </ClInclude>
    <ClInclude Include="..\heater\css\weight.h">
      <Filter>Heater\css</Filter>
    </ClInclude>
    <ClInclude Include="..\heater\parser\parse_brac_ket.h">
      <Filter>Heater\parser</Filter>
    </ClInclude>
    <ClInclude Include="..\heater\parser\parse_bracs_ket.h">
      <Filter>Heater\parser</Filter>
    </ClInclude>
    <ClInclude Include="..\heater\base\base.h">
      <Filter>Heater\base</Filter>
    </ClInclude>
    <ClInclude Include="..\heater\base\reldef.h">
      <Filter>Heater\base</Filter>
    </ClInclude>
    <ClInclude Include="..\heater\base\sz.h">
      <Filter>Heater\base</Filter>
    </ClInclude>
    <ClInclude Include="..\heater\base\type_base.h">
      <Filter>Heater\base</Filter>
    </ClInclude>
    <ClInclude Include="..\heater\base\type_case.h">
      <Filter>Heater\base</Filter>
    </ClInclude>
    <ClInclude Include="..\heater\base\type_core.h">
      <Filter>Heater\base</Filter>
    </ClInclude>
    <ClInclude Include="..\heater\base\type_master.h">
      <Filter>Heater\base</Filter>
    </ClInclude>
    <ClInclude Include="..\heater\compound\compound.h">
      <Filter>Heater\compound</Filter>
    </ClInclude>
    <ClInclude Include="..\heater\compound\type_all_of.h">
      <Filter>Heater\compound</Filter>
    </ClInclude>
    <ClInclude Include="..\heater\compound\type_compound.h">
      <Filter>Heater\compound</Filter>
    </ClInclude>
    <ClInclude Include="..\heater\compound\type_compounded.h">
      <Filter>Heater\compound</Filter>
    </ClInclude>
    <ClInclude Include="..\heater\compound\type_csses.h">
      <Filter>Heater\compound</Filter>
    </ClInclude>
    <ClInclude Include="..\heater\compound\type_httpequivs.h">
      <Filter>Heater\compound</Filter>
    </ClInclude>
    <ClInclude Include="..\heater\compound\type_jsonics.h">
      <Filter>Heater\compound</Filter>
    </ClInclude>
    <ClInclude Include="..\heater\compound\type_langs.h">
      <Filter>Heater\compound</Filter>
    </ClInclude>
    <ClInclude Include="..\heater\compound\type_maths.h">
      <Filter>Heater\compound</Filter>
    </ClInclude>
    <ClInclude Include="..\heater\compound\type_measures.h">
      <Filter>Heater\compound</Filter>
    </ClInclude>
    <ClInclude Include="..\heater\compound\type_microdatas.h">
      <Filter>Heater\compound</Filter>
    </ClInclude>
    <ClInclude Include="..\heater\compound\type_microformats.h">
      <Filter>Heater\compound</Filter>
    </ClInclude>
    <ClInclude Include="..\heater\compound\type_mimes.h">
      <Filter>Heater\compound</Filter>
    </ClInclude>
    <ClInclude Include="..\heater\compound\type_numerics.h">
      <Filter>Heater\compound</Filter>
    </ClInclude>
    <ClInclude Include="..\heater\compound\type_one_of.h">
      <Filter>Heater\compound</Filter>
    </ClInclude>
    <ClInclude Include="..\heater\compound\type_some_of.h">
      <Filter>Heater\compound</Filter>
    </ClInclude>
    <ClInclude Include="..\heater\compound\type_svgs.h">
      <Filter>Heater\compound</Filter>
    </ClInclude>
    <ClInclude Include="..\heater\compound\type_van.h">
      <Filter>Heater\compound</Filter>
    </ClInclude>
    <ClInclude Include="..\heater\compound\type_varied.h">
      <Filter>Heater\compound</Filter>
    </ClInclude>
    <ClInclude Include="..\heater\enum\enumerated.h">
      <Filter>Heater\enum</Filter>
    </ClInclude>
    <ClInclude Include="..\heater\enum\type_1.h">
      <Filter>Heater\enum</Filter>
    </ClInclude>
    <ClInclude Include="..\heater\enum\type_2.h">
      <Filter>Heater\enum</Filter>
    </ClInclude>
    <ClInclude Include="..\heater\enum\type_3.h">
      <Filter>Heater\enum</Filter>
    </ClInclude>
    <ClInclude Include="..\heater\enum\type_4.h">
      <Filter>Heater\enum</Filter>
    </ClInclude>
    <ClInclude Include="..\heater\enum\type_aria.h">
      <Filter>Heater\enum</Filter>
    </ClInclude>
    <ClInclude Include="..\heater\enum\type_class.h">
      <Filter>Heater\enum</Filter>
    </ClInclude>
    <ClInclude Include="..\heater\enum\type_colour.h">
      <Filter>Heater\enum</Filter>
    </ClInclude>
    <ClInclude Include="..\heater\enum\type_country.h">
      <Filter>Heater\enum</Filter>
    </ClInclude>
    <ClInclude Include="..\heater\enum\type_enum.h">
      <Filter>Heater\enum</Filter>
    </ClInclude>
    <ClInclude Include="..\heater\enum\type_enum_vec.h">
      <Filter>Heater\enum</Filter>
    </ClInclude>
    <ClInclude Include="..\heater\enum\type_lang.h">
      <Filter>Heater\enum</Filter>
    </ClInclude>
    <ClInclude Include="..\heater\enum\type_mime.h">
      <Filter>Heater\enum</Filter>
    </ClInclude>
    <ClInclude Include="..\heater\enum\type_rel.h">
      <Filter>Heater\enum</Filter>
    </ClInclude>
    <ClInclude Include="..\heater\enum\type_xmlns.h">
      <Filter>Heater\enum</Filter>
    </ClInclude>
    <ClInclude Include="..\heater\simple\simple.h">
      <Filter>Heater\simple</Filter>
    </ClInclude>
    <ClInclude Include="..\heater\simple\type_autocomplete.h">
      <Filter>Heater\simple</Filter>
    </ClInclude>
    <ClInclude Include="..\heater\simple\type_basic.h">
      <Filter>Heater\simple</Filter>
    </ClInclude>
    <ClInclude Include="..\heater\simple\type_cookie.h">
      <Filter>Heater\simple</Filter>
    </ClInclude>
    <ClInclude Include="..\heater\simple\type_css.h">
      <Filter>Heater\simple</Filter>
    </ClInclude>
    <ClInclude Include="..\heater\simple\type_currency.h">
      <Filter>Heater\simple</Filter>
    </ClInclude>
    <ClInclude Include="..\heater\simple\type_httpequiv.h">
      <Filter>Heater\simple</Filter>
    </ClInclude>
    <ClInclude Include="..\heater\simple\type_id.h">
      <Filter>Heater\simple</Filter>
    </ClInclude>
    <ClInclude Include="..\heater\simple\type_jsonic.h">
      <Filter>Heater\simple</Filter>
    </ClInclude>
    <ClInclude Include="..\heater\simple\type_layout.h">
      <Filter>Heater\simple</Filter>
    </ClInclude>
    <ClInclude Include="..\heater\simple\type_math.h">
      <Filter>Heater\simple</Filter>
    </ClInclude>
    <ClInclude Include="..\heater\simple\type_measure.h">
      <Filter>Heater\simple</Filter>
    </ClInclude>
    <ClInclude Include="..\heater\simple\type_media.h">
      <Filter>Heater\simple</Filter>
    </ClInclude>
    <ClInclude Include="..\heater\simple\type_metaname.h">
      <Filter>Heater\simple</Filter>
    </ClInclude>
    <ClInclude Include="..\heater\simple\type_microdata.h">
      <Filter>Heater\simple</Filter>
    </ClInclude>
    <ClInclude Include="..\heater\simple\type_microformat.h">
      <Filter>Heater\simple</Filter>
    </ClInclude>
    <ClInclude Include="..\heater\simple\type_misc.h">
      <Filter>Heater\simple</Filter>
    </ClInclude>
    <ClInclude Include="..\heater\simple\type_numeric.h">
      <Filter>Heater\simple</Filter>
    </ClInclude>
    <ClInclude Include="..\heater\simple\type_rdf.h">
      <Filter>Heater\simple</Filter>
    </ClInclude>
    <ClInclude Include="..\heater\simple\type_reals.h">
      <Filter>Heater\simple</Filter>
    </ClInclude>
    <ClInclude Include="..\heater\simple\type_relational.h">
      <Filter>Heater\simple</Filter>
    </ClInclude>
    <ClInclude Include="..\heater\simple\type_svg.h">
      <Filter>Heater\simple</Filter>
    </ClInclude>
    <ClInclude Include="..\heater\simple\type_time.h">
      <Filter>Heater\simple</Filter>
    </ClInclude>
    <ClInclude Include="..\heater\simple\type_url.h">
      <Filter>Heater\simple</Filter>
    </ClInclude>
    <ClInclude Include="..\heater\compound\type_fn.h">
      <Filter>Heater\compound</Filter>
    </ClInclude>
    <ClInclude Include="..\heater\css\descriptor.h">
      <Filter>Heater\css</Filter>
    </ClInclude>
    <ClInclude Include="..\heater\css\descriptor_classes.h">
      <Filter>Heater\css</Filter>
    </ClInclude>
    <ClInclude Include="..\heater\css\descriptors.h">
      <Filter>Heater\css</Filter>
    </ClInclude>
    <ClInclude Include="..\heater\css\ffv.h">
      <Filter>Heater\css</Filter>
    </ClInclude>
    <ClInclude Include="..\heater\css\ffvs.h">
      <Filter>Heater\css</Filter>
    </ClInclude>
    <ClInclude Include="..\heater\css\value.h">
      <Filter>Heater\css</Filter>
    </ClInclude>
    <ClInclude Include="..\heater\css\value_types.h">
      <Filter>Heater\css</Filter>
    </ClInclude>
  </ItemGroup>
  <ItemGroup>
    <ClCompile Include="..\sauce\attribute\attr.cpp">
      <Filter>Sauce\attribute</Filter>
    </ClCompile>
    <ClCompile Include="..\sauce\attribute\attribute_constructor.cpp">
      <Filter>Sauce\attribute</Filter>
    </ClCompile>
    <ClCompile Include="..\sauce\attribute\attributes.cpp">
      <Filter>Sauce\attribute</Filter>
    </ClCompile>
    <ClCompile Include="..\sauce\attribute\avm.cpp">
      <Filter>Sauce\attribute</Filter>
    </ClCompile>
    <ClCompile Include="..\sauce\element\element_attributes.cpp">
      <Filter>Sauce\element</Filter>
    </ClCompile>
    <ClCompile Include="..\sauce\element\element_classes.cpp">
      <Filter>Sauce\element</Filter>
    </ClCompile>
    <ClCompile Include="..\sauce\element\element_efghi.cpp">
      <Filter>Sauce\element</Filter>
    </ClCompile>
    <ClCompile Include="..\sauce\element\element_examine.cpp">
      <Filter>Sauce\element</Filter>
    </ClCompile>
    <ClCompile Include="..\sauce\element\element_input.cpp">
      <Filter>Sauce\element</Filter>
    </ClCompile>
    <ClCompile Include="..\sauce\element\element_jkl.cpp">
      <Filter>Sauce\element</Filter>
    </ClCompile>
    <ClCompile Include="..\sauce\element\element_microdata.cpp">
      <Filter>Sauce\element</Filter>
    </ClCompile>
    <ClCompile Include="..\sauce\element\element_microformats.cpp">
      <Filter>Sauce\element</Filter>
    </ClCompile>
    <ClCompile Include="..\sauce\element\element_mno.cpp">
      <Filter>Sauce\element</Filter>
    </ClCompile>
    <ClCompile Include="..\sauce\element\element_pqr.cpp">
      <Filter>Sauce\element</Filter>
    </ClCompile>
    <ClCompile Include="..\sauce\element\element_s.cpp">
      <Filter>Sauce\element</Filter>
    </ClCompile>
    <ClCompile Include="..\sauce\element\element_tuvwxyz.cpp">
      <Filter>Sauce\element</Filter>
    </ClCompile>
    <ClCompile Include="..\sauce\element\parentage.cpp">
      <Filter>Sauce\element</Filter>
    </ClCompile>
    <ClCompile Include="..\sauce\element\state.cpp">
      <Filter>Sauce\element</Filter>
    </ClCompile>
    <ClCompile Include="..\sauce\element\elem.cpp">
      <Filter>Sauce\element</Filter>
    </ClCompile>
    <ClCompile Include="..\sauce\element\element.cpp">
      <Filter>Sauce\element</Filter>
    </ClCompile>
    <ClCompile Include="..\sauce\element\element_abcd.cpp">
      <Filter>Sauce\element</Filter>
    </ClCompile>
    <ClCompile Include="..\sauce\feedback\nit.cpp">
      <Filter>Sauce\feedback</Filter>
    </ClCompile>
    <ClCompile Include="..\sauce\feedback\nitpick.cpp">
      <Filter>Sauce\feedback</Filter>
    </ClCompile>
    <ClCompile Include="..\sauce\main\context.cpp">
      <Filter>Sauce\main</Filter>
    </ClCompile>
    <ClCompile Include="..\sauce\main\options.cpp">
      <Filter>Sauce\main</Filter>
    </ClCompile>
    <ClCompile Include="..\sauce\main\ssc.cpp">
      <Filter>Sauce\main</Filter>
    </ClCompile>
    <ClCompile Include="..\sauce\main\standard.cpp">
      <Filter>Sauce\main</Filter>
    </ClCompile>
    <ClCompile Include="..\sauce\microdata\microdata_export.cpp">
      <Filter>Sauce\microdata</Filter>
    </ClCompile>
    <ClCompile Include="..\sauce\microdata\microdata_itemid.cpp">
      <Filter>Sauce\microdata</Filter>
    </ClCompile>
    <ClCompile Include="..\sauce\microdata\microdata_itemprop.cpp">
      <Filter>Sauce\microdata</Filter>
    </ClCompile>
    <ClCompile Include="..\sauce\microdata\microdata_itemscope.cpp">
      <Filter>Sauce\microdata</Filter>
    </ClCompile>
    <ClCompile Include="..\sauce\microdata\microdata_itemtype.cpp">
      <Filter>Sauce\microdata</Filter>
    </ClCompile>
    <ClCompile Include="..\sauce\microformat\microformat_constructor.cpp">
      <Filter>Sauce\microformat</Filter>
    </ClCompile>
    <ClCompile Include="..\sauce\microformat\microformat_export.cpp">
      <Filter>Sauce\microformat</Filter>
    </ClCompile>
    <ClCompile Include="..\sauce\microformat\microformats.cpp">
      <Filter>Sauce\microformat</Filter>
    </ClCompile>
    <ClCompile Include="..\sauce\microformat\property_value.cpp">
      <Filter>Sauce\microformat</Filter>
    </ClCompile>
    <ClCompile Include="..\sauce\microformat\sibling.cpp">
      <Filter>Sauce\microformat</Filter>
    </ClCompile>
    <ClCompile Include="..\sauce\microformat\family.cpp">
      <Filter>Sauce\microformat</Filter>
    </ClCompile>
    <ClCompile Include="..\sauce\microformat\field.cpp">
      <Filter>Sauce\microformat</Filter>
    </ClCompile>
    <ClCompile Include="..\sauce\parser\parse_element.cpp">
      <Filter>Sauce\parser</Filter>
    </ClCompile>
    <ClCompile Include="..\sauce\parser\parse_elements.cpp">
      <Filter>Sauce\parser</Filter>
    </ClCompile>
    <ClCompile Include="..\sauce\parser\parse_ssi.cpp">
      <Filter>Sauce\parser</Filter>
    </ClCompile>
    <ClCompile Include="..\sauce\parser\text.cpp">
      <Filter>Sauce\parser</Filter>
    </ClCompile>
    <ClCompile Include="..\sauce\parser\xhtml_xml.cpp">
      <Filter>Sauce\parser</Filter>
    </ClCompile>
    <ClCompile Include="..\sauce\parser\html_version.cpp">
      <Filter>Sauce\parser</Filter>
    </ClCompile>
    <ClCompile Include="..\sauce\parser\parse_attribute.cpp">
      <Filter>Sauce\parser</Filter>
    </ClCompile>
    <ClCompile Include="..\sauce\parser\parse_attributes.cpp">
      <Filter>Sauce\parser</Filter>
    </ClCompile>
    <ClCompile Include="..\sauce\schema\schema_hierarchy.cpp">
      <Filter>Sauce\schema</Filter>
    </ClCompile>
    <ClCompile Include="..\sauce\schema\schema_property.cpp">
      <Filter>Sauce\schema</Filter>
    </ClCompile>
    <ClCompile Include="..\sauce\schema\schema_structure.cpp">
      <Filter>Sauce\schema</Filter>
    </ClCompile>
    <ClCompile Include="..\sauce\schema\schema_type.cpp">
      <Filter>Sauce\schema</Filter>
    </ClCompile>
    <ClCompile Include="..\sauce\schema\schema_version.cpp">
      <Filter>Sauce\schema</Filter>
    </ClCompile>
    <ClCompile Include="..\sauce\stats\stats.cpp">
      <Filter>Sauce\stats</Filter>
    </ClCompile>
    <ClCompile Include="..\sauce\stats\stats_impl.cpp">
      <Filter>Sauce\stats</Filter>
    </ClCompile>
    <ClCompile Include="..\sauce\symbol\symbol.cpp">
      <Filter>Sauce\symbol</Filter>
    </ClCompile>
    <ClCompile Include="..\sauce\type\type.cpp">
      <Filter>Sauce\type</Filter>
    </ClCompile>
    <ClCompile Include="..\sauce\url\url.cpp">
      <Filter>Sauce\url</Filter>
    </ClCompile>
    <ClCompile Include="..\sauce\url\url_parameters.cpp">
      <Filter>Sauce\url</Filter>
    </ClCompile>
    <ClCompile Include="..\sauce\url\url_protocol.cpp">
      <Filter>Sauce\url</Filter>
    </ClCompile>
    <ClCompile Include="..\sauce\url\url_sanitise.cpp">
      <Filter>Sauce\url</Filter>
    </ClCompile>
    <ClCompile Include="..\sauce\url\url_scheme.cpp">
      <Filter>Sauce\url</Filter>
    </ClCompile>
    <ClCompile Include="..\sauce\utility\byteorder.cpp">
      <Filter>Sauce\utility</Filter>
    </ClCompile>
    <ClCompile Include="..\sauce\utility\common.cpp">
      <Filter>Sauce\utility</Filter>
    </ClCompile>
    <ClCompile Include="..\sauce\utility\quote.cpp">
      <Filter>Sauce\utility</Filter>
    </ClCompile>
    <ClCompile Include="..\sauce\webpage\crosslink.cpp">
      <Filter>Sauce\webpage</Filter>
    </ClCompile>
    <ClCompile Include="..\sauce\webpage\directory.cpp">
      <Filter>Sauce\webpage</Filter>
    </ClCompile>
    <ClCompile Include="..\sauce\webpage\external.cpp">
      <Filter>Sauce\webpage</Filter>
    </ClCompile>
    <ClCompile Include="..\sauce\webpage\fileindex.cpp">
      <Filter>Sauce\webpage</Filter>
    </ClCompile>
    <ClCompile Include="..\sauce\webpage\headers.cpp">
      <Filter>Sauce\webpage</Filter>
    </ClCompile>
    <ClCompile Include="..\sauce\webpage\id.cpp">
      <Filter>Sauce\webpage</Filter>
    </ClCompile>
    <ClCompile Include="..\sauce\webpage\page.cpp">
      <Filter>Sauce\webpage</Filter>
    </ClCompile>
    <ClCompile Include="..\sauce\webpage\root.cpp">
      <Filter>Sauce\webpage</Filter>
    </ClCompile>
    <ClCompile Include="..\sauce\schema\schema_name.cpp">
      <Filter>Sauce\schema</Filter>
    </ClCompile>
    <ClCompile Include="..\sauce\icu\wrapper.cpp">
      <Filter>Sauce\icu</Filter>
    </ClCompile>
    <ClCompile Include="..\sauce\icu\charset.cpp">
      <Filter>Sauce\icu</Filter>
    </ClCompile>
    <ClCompile Include="..\sauce\feedback\nitnames.cpp">
      <Filter>Sauce\feedback</Filter>
    </ClCompile>
    <ClCompile Include="..\sauce\type\type_csp.cpp">
      <Filter>Sauce\type</Filter>
    </ClCompile>
    <ClCompile Include="..\sauce\icu\converter.cpp">
      <Filter>Sauce\icu</Filter>
    </ClCompile>
    <ClCompile Include="..\sauce\parser\pattern.cpp">
      <Filter>Sauce\parser</Filter>
    </ClCompile>
    <ClCompile Include="..\sauce\main\version.cpp">
      <Filter>Sauce\main</Filter>
    </ClCompile>
    <ClCompile Include="..\sauce\webpage\corpus.cpp">
      <Filter>Sauce\webpage</Filter>
    </ClCompile>
    <ClCompile Include="..\sauce\element\element_aria.cpp">
      <Filter>Sauce\element</Filter>
    </ClCompile>
    <ClCompile Include="..\sauce\parser\text-data.cpp">
      <Filter>Sauce\parser</Filter>
    </ClCompile>
    <ClCompile Include="..\sauce\attribute\namespace.cpp">
      <Filter>Sauce\attribute</Filter>
    </ClCompile>
    <ClCompile Include="..\sauce\main\abort.cpp">
      <Filter>Sauce\main</Filter>
    </ClCompile>
    <ClCompile Include="..\sauce\utility\filesystem.cpp">
      <Filter>Sauce\utility</Filter>
    </ClCompile>
    <ClCompile Include="..\sauce\attribute\avm_data_a.cpp">
      <Filter>Sauce\attribute</Filter>
    </ClCompile>
    <ClCompile Include="..\sauce\attribute\avm_data_b.cpp">
      <Filter>Sauce\attribute</Filter>
    </ClCompile>
    <ClCompile Include="..\sauce\attribute\avm_data_c.cpp">
      <Filter>Sauce\attribute</Filter>
    </ClCompile>
    <ClCompile Include="..\sauce\attribute\avm_data_d.cpp">
      <Filter>Sauce\attribute</Filter>
    </ClCompile>
    <ClCompile Include="..\sauce\attribute\avm_data_e.cpp">
      <Filter>Sauce\attribute</Filter>
    </ClCompile>
    <ClCompile Include="..\sauce\attribute\avm_data_g.cpp">
      <Filter>Sauce\attribute</Filter>
    </ClCompile>
    <ClCompile Include="..\sauce\attribute\avm_data_h.cpp">
      <Filter>Sauce\attribute</Filter>
    </ClCompile>
    <ClCompile Include="..\sauce\attribute\avm_data_i.cpp">
      <Filter>Sauce\attribute</Filter>
    </ClCompile>
    <ClCompile Include="..\sauce\attribute\avm_data_k.cpp">
      <Filter>Sauce\attribute</Filter>
    </ClCompile>
    <ClCompile Include="..\sauce\attribute\avm_data_l.cpp">
      <Filter>Sauce\attribute</Filter>
    </ClCompile>
    <ClCompile Include="..\sauce\attribute\avm_data_n.cpp">
      <Filter>Sauce\attribute</Filter>
    </ClCompile>
    <ClCompile Include="..\sauce\attribute\avm_data_o.cpp">
      <Filter>Sauce\attribute</Filter>
    </ClCompile>
    <ClCompile Include="..\sauce\attribute\avm_data_p.cpp">
      <Filter>Sauce\attribute</Filter>
    </ClCompile>
    <ClCompile Include="..\sauce\attribute\avm_data_q.cpp">
      <Filter>Sauce\attribute</Filter>
    </ClCompile>
    <ClCompile Include="..\sauce\attribute\avm_data_r.cpp">
      <Filter>Sauce\attribute</Filter>
    </ClCompile>
    <ClCompile Include="..\sauce\attribute\avm_data_s.cpp">
      <Filter>Sauce\attribute</Filter>
    </ClCompile>
    <ClCompile Include="..\sauce\attribute\avm_data_u.cpp">
      <Filter>Sauce\attribute</Filter>
    </ClCompile>
    <ClCompile Include="..\sauce\attribute\avm_data_v.cpp">
      <Filter>Sauce\attribute</Filter>
    </ClCompile>
    <ClCompile Include="..\sauce\attribute\avm_data_w.cpp">
      <Filter>Sauce\attribute</Filter>
    </ClCompile>
    <ClCompile Include="..\sauce\attribute\avm_data_x.cpp">
      <Filter>Sauce\attribute</Filter>
    </ClCompile>
    <ClCompile Include="..\sauce\attribute\avm_data_rdf.cpp">
      <Filter>Sauce\attribute</Filter>
    </ClCompile>
    <ClCompile Include="..\sauce\element\element_rdfa.cpp">
      <Filter>Sauce\element</Filter>
    </ClCompile>
    <ClCompile Include="..\sauce\rdf\rdf.cpp">
      <Filter>Sauce\rdf</Filter>
    </ClCompile>
    <ClCompile Include="..\sauce\symbol\nstr.cpp">
      <Filter>Sauce\symbol</Filter>
    </ClCompile>
    <ClCompile Include="..\sauce\feedback\nitout.cpp">
      <Filter>Sauce\feedback</Filter>
    </ClCompile>
    <ClCompile Include="..\sauce\rdf\rdfa_prop.cpp">
      <Filter>Sauce\rdf</Filter>
    </ClCompile>
    <ClCompile Include="..\sauce\rdf\rdfa_type.cpp">
      <Filter>Sauce\rdf</Filter>
    </ClCompile>
    <ClCompile Include="..\sauce\parser\jsonic.cpp">
      <Filter>Sauce\parser</Filter>
    </ClCompile>
    <ClCompile Include="..\sauce\attribute\avm_data_f1.cpp">
      <Filter>Sauce\attribute</Filter>
    </ClCompile>
    <ClCompile Include="..\sauce\attribute\avm_data_f2.cpp">
      <Filter>Sauce\attribute</Filter>
    </ClCompile>
    <ClCompile Include="..\sauce\attribute\avm_data_m1.cpp">
      <Filter>Sauce\attribute</Filter>
    </ClCompile>
    <ClCompile Include="..\sauce\attribute\avm_data_m2.cpp">
      <Filter>Sauce\attribute</Filter>
    </ClCompile>
    <ClCompile Include="..\sauce\attribute\avm_data_t1.cpp">
      <Filter>Sauce\attribute</Filter>
    </ClCompile>
    <ClCompile Include="..\sauce\attribute\avm_data_t2.cpp">
      <Filter>Sauce\attribute</Filter>
    </ClCompile>
    <ClCompile Include="..\sauce\spell\nixspell.cpp">
      <Filter>Sauce\spell</Filter>
    </ClCompile>
    <ClCompile Include="..\sauce\spell\spell.cpp">
      <Filter>Sauce\spell</Filter>
    </ClCompile>
    <ClCompile Include="..\sauce\spell\winspell.cpp">
      <Filter>Sauce\spell</Filter>
    </ClCompile>
    <ClCompile Include="..\sauce\icu\lingo.cpp">
      <Filter>Sauce\icu</Filter>
    </ClCompile>
    <ClCompile Include="..\sauce\schema\jsonld.cpp">
      <Filter>Sauce\schema</Filter>
    </ClCompile>
    <ClCompile Include="..\sauce\main\output.cpp">
      <Filter>Sauce\main</Filter>
    </ClCompile>
    <ClCompile Include="..\sauce\coop\fred.cpp">
      <Filter>Sauce\coop</Filter>
    </ClCompile>
    <ClCompile Include="..\sauce\coop\kew.cpp">
      <Filter>Sauce\coop</Filter>
    </ClCompile>
    <ClCompile Include="..\sauce\coop\knickers.cpp">
      <Filter>Sauce\coop</Filter>
    </ClCompile>
    <ClCompile Include="..\sauce\coop\lox.cpp">
      <Filter>Sauce\coop</Filter>
    </ClCompile>
    <ClCompile Include="..\sauce\webpage\q.cpp">
      <Filter>Sauce\webpage</Filter>
    </ClCompile>
    <ClCompile Include="..\sauce\utility\cache.cpp">
      <Filter>Sauce\utility</Filter>
    </ClCompile>
    <ClCompile Include="..\sauce\url\curl.cpp">
      <Filter>Sauce\url</Filter>
    </ClCompile>
    <ClCompile Include="..\sauce\attribute\attr_state.cpp">
      <Filter>Sauce\attribute</Filter>
    </ClCompile>
    <ClCompile Include="..\sauce\css\selectors.cpp">
      <Filter>Sauce\css</Filter>
    </ClCompile>
    <ClCompile Include="..\sauce\css\statement.cpp">
      <Filter>Sauce\css</Filter>
    </ClCompile>
    <ClCompile Include="..\sauce\css\statements.cpp">
      <Filter>Sauce\css</Filter>
    </ClCompile>
    <ClCompile Include="..\sauce\css\weight.cpp">
      <Filter>Sauce\css</Filter>
    </ClCompile>
    <ClCompile Include="..\sauce\css\arguments.cpp">
      <Filter>Sauce\css</Filter>
    </ClCompile>
    <ClCompile Include="..\sauce\css\css.cpp">
      <Filter>Sauce\css</Filter>
    </ClCompile>
    <ClCompile Include="..\sauce\css\css_attribute.cpp">
      <Filter>Sauce\css</Filter>
    </ClCompile>
    <ClCompile Include="..\sauce\css\css_class.cpp">
      <Filter>Sauce\css</Filter>
    </ClCompile>
    <ClCompile Include="..\sauce\css\css_element.cpp">
      <Filter>Sauce\css</Filter>
    </ClCompile>
    <ClCompile Include="..\sauce\css\css_id.cpp">
      <Filter>Sauce\css</Filter>
    </ClCompile>
    <ClCompile Include="..\sauce\css\css_parse.cpp">
      <Filter>Sauce\css</Filter>
    </ClCompile>
    <ClCompile Include="..\sauce\css\css_state.cpp">
      <Filter>Sauce\css</Filter>
    </ClCompile>
    <ClCompile Include="..\sauce\css\decoration.cpp">
      <Filter>Sauce\css</Filter>
    </ClCompile>
    <ClCompile Include="..\sauce\css\distilled.cpp">
      <Filter>Sauce\css</Filter>
    </ClCompile>
    <ClCompile Include="..\sauce\css\fn.cpp">
      <Filter>Sauce\css</Filter>
    </ClCompile>
    <ClCompile Include="..\sauce\css\global.cpp">
      <Filter>Sauce\css</Filter>
    </ClCompile>
    <ClCompile Include="..\sauce\css\group.cpp">
      <Filter>Sauce\css</Filter>
    </ClCompile>
    <ClCompile Include="..\sauce\css\properties.cpp">
      <Filter>Sauce\css</Filter>
    </ClCompile>
    <ClCompile Include="..\sauce\css\property.cpp">
      <Filter>Sauce\css</Filter>
    </ClCompile>
    <ClCompile Include="..\sauce\css\property_constructor.cpp">
      <Filter>Sauce\css</Filter>
    </ClCompile>
    <ClCompile Include="..\sauce\css\rule.cpp">
      <Filter>Sauce\css</Filter>
    </ClCompile>
    <ClCompile Include="..\sauce\css\rules.cpp">
      <Filter>Sauce\css</Filter>
    </ClCompile>
    <ClCompile Include="..\sauce\css\selector.cpp">
      <Filter>Sauce\css</Filter>
    </ClCompile>
    <ClCompile Include="..\sauce\parser\parse_brac_ket.cpp">
      <Filter>Sauce\parser</Filter>
    </ClCompile>
    <ClCompile Include="..\sauce\parser\parse_bracs_ket.cpp">
      <Filter>Sauce\parser</Filter>
    </ClCompile>
    <ClCompile Include="..\sauce\base\type_base.cpp">
      <Filter>Sauce\base</Filter>
    </ClCompile>
    <ClCompile Include="..\sauce\base\type_core.cpp">
      <Filter>Sauce\base</Filter>
    </ClCompile>
    <ClCompile Include="..\sauce\base\type_master.cpp">
      <Filter>Sauce\base</Filter>
    </ClCompile>
    <ClCompile Include="..\sauce\compound\type_varied.cpp">
      <Filter>Sauce\compound</Filter>
    </ClCompile>
    <ClCompile Include="..\sauce\enum\type_aria.cpp">
      <Filter>Sauce\enum</Filter>
    </ClCompile>
    <ClCompile Include="..\sauce\enum\type_charset.cpp">
      <Filter>Sauce\enum</Filter>
    </ClCompile>
    <ClCompile Include="..\sauce\enum\type_class.cpp">
      <Filter>Sauce\enum</Filter>
    </ClCompile>
    <ClCompile Include="..\sauce\enum\type_country.cpp">
      <Filter>Sauce\enum</Filter>
    </ClCompile>
    <ClCompile Include="..\sauce\enum\type_enum.cpp">
      <Filter>Sauce\enum</Filter>
    </ClCompile>
    <ClCompile Include="..\sauce\enum\type_lang.cpp">
      <Filter>Sauce\enum</Filter>
    </ClCompile>
    <ClCompile Include="..\sauce\enum\type_mime.cpp">
      <Filter>Sauce\enum</Filter>
    </ClCompile>
    <ClCompile Include="..\sauce\enum\type_rel.cpp">
      <Filter>Sauce\enum</Filter>
    </ClCompile>
    <ClCompile Include="..\sauce\enum\type_xmlns.cpp">
      <Filter>Sauce\enum</Filter>
    </ClCompile>
    <ClCompile Include="..\sauce\simple\type_autocomplete.cpp">
      <Filter>Sauce\simple</Filter>
    </ClCompile>
    <ClCompile Include="..\sauce\simple\type_css.cpp">
      <Filter>Sauce\simple</Filter>
    </ClCompile>
    <ClCompile Include="..\sauce\simple\type_currency.cpp">
      <Filter>Sauce\simple</Filter>
    </ClCompile>
    <ClCompile Include="..\sauce\simple\type_d.cpp">
      <Filter>Sauce\simple</Filter>
    </ClCompile>
    <ClCompile Include="..\sauce\simple\type_httpequiv.cpp">
      <Filter>Sauce\simple</Filter>
    </ClCompile>
    <ClCompile Include="..\sauce\simple\type_id.cpp">
      <Filter>Sauce\simple</Filter>
    </ClCompile>
    <ClCompile Include="..\sauce\simple\type_intent.cpp">
      <Filter>Sauce\simple</Filter>
    </ClCompile>
    <ClCompile Include="..\sauce\simple\type_media.cpp">
      <Filter>Sauce\simple</Filter>
    </ClCompile>
    <ClCompile Include="..\sauce\simple\type_metaname.cpp">
      <Filter>Sauce\simple</Filter>
    </ClCompile>
    <ClCompile Include="..\sauce\simple\type_misc.cpp">
      <Filter>Sauce\simple</Filter>
    </ClCompile>
    <ClCompile Include="..\sauce\simple\type_numeric.cpp">
      <Filter>Sauce\simple</Filter>
    </ClCompile>
    <ClCompile Include="..\sauce\simple\type_paint.cpp">
      <Filter>Sauce\simple</Filter>
    </ClCompile>
    <ClCompile Include="..\sauce\simple\type_rdf.cpp">
      <Filter>Sauce\simple</Filter>
    </ClCompile>
    <ClCompile Include="..\sauce\simple\type_reals.cpp">
      <Filter>Sauce\simple</Filter>
    </ClCompile>
    <ClCompile Include="..\sauce\simple\type_sgml.cpp">
      <Filter>Sauce\simple</Filter>
    </ClCompile>
    <ClCompile Include="..\sauce\simple\type_svg_feature.cpp">
      <Filter>Sauce\simple</Filter>
    </ClCompile>
    <ClCompile Include="..\sauce\simple\type_time.cpp">
      <Filter>Sauce\simple</Filter>
    </ClCompile>
    <ClCompile Include="..\sauce\simple\type_transform.cpp">
      <Filter>Sauce\simple</Filter>
    </ClCompile>
    <ClCompile Include="..\sauce\simple\type_url.cpp">
      <Filter>Sauce\simple</Filter>
    </ClCompile>
    <ClCompile Include="..\sauce\enum\type_colour.cpp">
      <Filter>Sauce\enum</Filter>
    </ClCompile>
    <ClCompile Include="..\sauce\enum\type_property.cpp">
      <Filter>Sauce\enum</Filter>
    </ClCompile>
    <ClCompile Include="..\sauce\attribute\attribute.cpp">
      <Filter>Sauce\attribute</Filter>
    </ClCompile>
    <ClCompile Include="..\sauce\css\descriptor.cpp">
      <Filter>Sauce\css</Filter>
    </ClCompile>
    <ClCompile Include="..\sauce\css\descriptor_constructor.cpp">
      <Filter>Sauce\css</Filter>
    </ClCompile>
    <ClCompile Include="..\sauce\css\descriptors.cpp">
      <Filter>Sauce\css</Filter>
    </ClCompile>
    <ClCompile Include="..\sauce\css\ffv.cpp">
      <Filter>Sauce\css</Filter>
    </ClCompile>
    <ClCompile Include="..\sauce\css\ffvs.cpp">
      <Filter>Sauce\css</Filter>
    </ClCompile>
    <ClCompile Include="..\sauce\css\value.cpp">
      <Filter>Sauce\css</Filter>
    </ClCompile>
    <ClCompile Include="..\sauce\css\value_types_1.cpp">
      <Filter>Sauce\css</Filter>
    </ClCompile>
    <ClCompile Include="..\sauce\css\value_types_2.cpp">
      <Filter>Sauce\css</Filter>
    </ClCompile>
    <ClCompile Include="..\sauce\css\value_types_3.cpp">
      <Filter>Sauce\css</Filter>
    </ClCompile>
    <ClCompile Include="..\sauce\css\value_types_4.cpp">
      <Filter>Sauce\css</Filter>
    </ClCompile>
    <ClCompile Include="..\sauce\css\value_types_5.cpp">
      <Filter>Sauce\css</Filter>
    </ClCompile>
    <ClCompile Include="..\sauce\css\value_types_6.cpp">
      <Filter>Sauce\css</Filter>
    </ClCompile>
    <ClCompile Include="..\sauce\css\value_types_7.cpp">
      <Filter>Sauce\css</Filter>
    </ClCompile>
    <ClCompile Include="..\sauce\css\value_types_8.cpp">
      <Filter>Sauce\css</Filter>
    </ClCompile>
    <ClCompile Include="..\sauce\css\value_types_9.cpp">
      <Filter>Sauce\css</Filter>
    </ClCompile>
    <ClCompile Include="..\sauce\css\value2.cpp">
      <Filter>Sauce\css</Filter>
    </ClCompile>
    <ClCompile Include="..\sauce\css\typed_property.cpp">
      <Filter>Sauce\css</Filter>
    </ClCompile>
  </ItemGroup>
  <ItemGroup>
    <None Include="addtest.sh">
      <Filter>Tea</Filter>
    </None>
    <None Include="fulltest.bat">
      <Filter>Tea</Filter>
    </None>
    <None Include="fulltest.sh">
      <Filter>Tea</Filter>
    </None>
    <None Include="specprep.bat">
      <Filter>Tea</Filter>
    </None>
  </ItemGroup>
  <ItemGroup>
    <Text Include="CMakeLists.txt">
      <Filter>Tea</Filter>
    </Text>
    <Text Include="README.txt">
      <Filter>Tea</Filter>
    </Text>
    <Text Include="..\..\build.txt">
      <Filter>Info</Filter>
    </Text>
    <Text Include="..\..\LICENCE.txt">
      <Filter>Info</Filter>
    </Text>
    <Text Include="..\..\LICENSE.txt">
      <Filter>Info</Filter>
    </Text>
    <Text Include="..\..\README.txt">
      <Filter>Info</Filter>
    </Text>
    <Text Include="..\..\releasenotes.txt">
      <Filter>Info</Filter>
    </Text>
    <Text Include="..\..\usage.txt">
      <Filter>Info</Filter>
    </Text>
    <Text Include="..\gen\gen.txt">
      <Filter>Info</Filter>
    </Text>
  </ItemGroup>
  <ItemGroup>
    <ResourceCompile Include="ssc.rc">
      <Filter>Resources</Filter>
    </ResourceCompile>
  </ItemGroup>
</Project>