Microsoft Visual Studio Solution File, Format Version 12.00
# Visual Studio 15
VisualStudioVersion = 15.0.28307.1267
MinimumVisualStudioVersion = 10.0.40219.1
Project("{8BC9CEB8-8B4A-11D0-8D11-00A0C91BC942}") = "ssc17-test", "ssc17-test.vcxproj", "{B510668A-EE92-451F-9DF5-E8210CB9B848}"
EndProject
Project("{8BC9CEB8-8B4A-11D0-8D11-00A0C91BC942}") = "ssc17", "ssc17.vcxproj", "{AE8D3A4F-638E-4F5E-AB95-6168B936CD4C}"
	ProjectSection(ProjectDependencies) = postProject
		{B510668A-EE92-451F-9DF5-E8210CB9B848} = {B510668A-EE92-451F-9DF5-E8210CB9B848}
	EndProjectSection
EndProject
Project("{E24C65DC-7377-472B-9ABA-BC803B73C61A}") = "help", "..\help\", "{A1909E99-AD3F-4EBF-9E1E-3DC9329BE452}"
	ProjectSection(WebsiteProperties) = preProject
		TargetFrameworkMoniker = ".NETFramework,Version%3Dv4.0"
		Debug.AspNetCompiler.VirtualPath = "/localhost_50157"
		Debug.AspNetCompiler.PhysicalPath = "..\help\"
		Debug.AspNetCompiler.TargetPath = "PrecompiledWeb\localhost_50157\"
		Debug.AspNetCompiler.Updateable = "true"
		Debug.AspNetCompiler.ForceOverwrite = "true"
		Debug.AspNetCompiler.FixedNames = "false"
		Debug.AspNetCompiler.Debug = "True"
		Release.AspNetCompiler.VirtualPath = "/localhost_50157"
		Release.AspNetCompiler.PhysicalPath = "..\help\"
		Release.AspNetCompiler.TargetPath = "PrecompiledWeb\localhost_50157\"
		Release.AspNetCompiler.Updateable = "true"
		Release.AspNetCompiler.ForceOverwrite = "true"
		Release.AspNetCompiler.FixedNames = "false"
		Release.AspNetCompiler.Debug = "False"
		VWDPort = "50157"
		SlnRelativePath = "..\help\"
	EndProjectSection
EndProject
Project("{E24C65DC-7377-472B-9ABA-BC803B73C61A}") = "httpd", "..\httpd\", "{958481C4-BC7E-4BFA-93E8-0B2EED5EB5C5}"
	ProjectSection(WebsiteProperties) = preProject
		TargetFrameworkMoniker = ".NETFramework,Version%3Dv4.0"
		Debug.AspNetCompiler.VirtualPath = "/localhost_50159"
		Debug.AspNetCompiler.PhysicalPath = "..\httpd\"
		Debug.AspNetCompiler.TargetPath = "PrecompiledWeb\localhost_50159\"
		Debug.AspNetCompiler.Updateable = "true"
		Debug.AspNetCompiler.ForceOverwrite = "true"
		Debug.AspNetCompiler.FixedNames = "false"
		Debug.AspNetCompiler.Debug = "True"
		Release.AspNetCompiler.VirtualPath = "/localhost_50159"
		Release.AspNetCompiler.PhysicalPath = "..\httpd\"
		Release.AspNetCompiler.TargetPath = "PrecompiledWeb\localhost_50159\"
		Release.AspNetCompiler.Updateable = "true"
		Release.AspNetCompiler.ForceOverwrite = "true"
		Release.AspNetCompiler.FixedNames = "false"
		Release.AspNetCompiler.Debug = "False"
		VWDPort = "50159"
		SlnRelativePath = "..\httpd\"
	EndProjectSection
EndProject
Global
	GlobalSection(SolutionConfigurationPlatforms) = preSolution
		Debug|Any CPU = Debug|Any CPU
		Debug|x64 = Debug|x64
		Debug|x86 = Debug|x86
		Fast|Any CPU = Fast|Any CPU
		Fast|x64 = Fast|x64
		Fast|x86 = Fast|x86
		Release|Any CPU = Release|Any CPU
		Release|x64 = Release|x64
		Release|x86 = Release|x86
	EndGlobalSection
	GlobalSection(ProjectConfigurationPlatforms) = postSolution
		{B510668A-EE92-451F-9DF5-E8210CB9B848}.Debug|Any CPU.ActiveCfg = Debug|x64
		{B510668A-EE92-451F-9DF5-E8210CB9B848}.Debug|x64.ActiveCfg = Debug|x64
		{B510668A-EE92-451F-9DF5-E8210CB9B848}.Debug|x64.Build.0 = Debug|x64
		{B510668A-EE92-451F-9DF5-E8210CB9B848}.Debug|x86.ActiveCfg = Debug|x64
		{B510668A-EE92-451F-9DF5-E8210CB9B848}.Fast|Any CPU.ActiveCfg = Release|x64
		{B510668A-EE92-451F-9DF5-E8210CB9B848}.Fast|Any CPU.Build.0 = Release|x64
		{B510668A-EE92-451F-9DF5-E8210CB9B848}.Fast|x64.ActiveCfg = Release|x64
		{B510668A-EE92-451F-9DF5-E8210CB9B848}.Fast|x64.Build.0 = Release|x64
		{B510668A-EE92-451F-9DF5-E8210CB9B848}.Fast|x86.ActiveCfg = Release|x64
		{B510668A-EE92-451F-9DF5-E8210CB9B848}.Fast|x86.Build.0 = Release|x64
		{B510668A-EE92-451F-9DF5-E8210CB9B848}.Release|Any CPU.ActiveCfg = Release|x64
		{B510668A-EE92-451F-9DF5-E8210CB9B848}.Release|x64.ActiveCfg = Release|x64
		{B510668A-EE92-451F-9DF5-E8210CB9B848}.Release|x64.Build.0 = Release|x64
		{B510668A-EE92-451F-9DF5-E8210CB9B848}.Release|x86.ActiveCfg = Release|x64
		{AE8D3A4F-638E-4F5E-AB95-6168B936CD4C}.Debug|Any CPU.ActiveCfg = Debug|x64
		{AE8D3A4F-638E-4F5E-AB95-6168B936CD4C}.Debug|x64.ActiveCfg = Debug|x64
		{AE8D3A4F-638E-4F5E-AB95-6168B936CD4C}.Debug|x64.Build.0 = Debug|x64
		{AE8D3A4F-638E-4F5E-AB95-6168B936CD4C}.Debug|x86.ActiveCfg = Debug|x64
		{AE8D3A4F-638E-4F5E-AB95-6168B936CD4C}.Fast|Any CPU.ActiveCfg = Release|x64
		{AE8D3A4F-638E-4F5E-AB95-6168B936CD4C}.Fast|Any CPU.Build.0 = Release|x64
		{AE8D3A4F-638E-4F5E-AB95-6168B936CD4C}.Fast|x64.ActiveCfg = Release|x64
		{AE8D3A4F-638E-4F5E-AB95-6168B936CD4C}.Fast|x64.Build.0 = Release|x64
		{AE8D3A4F-638E-4F5E-AB95-6168B936CD4C}.Fast|x86.ActiveCfg = Release|x64
		{AE8D3A4F-638E-4F5E-AB95-6168B936CD4C}.Fast|x86.Build.0 = Release|x64
		{AE8D3A4F-638E-4F5E-AB95-6168B936CD4C}.Release|Any CPU.ActiveCfg = Release|x64
		{AE8D3A4F-638E-4F5E-AB95-6168B936CD4C}.Release|x64.ActiveCfg = Release|x64
		{AE8D3A4F-638E-4F5E-AB95-6168B936CD4C}.Release|x64.Build.0 = Release|x64
		{AE8D3A4F-638E-4F5E-AB95-6168B936CD4C}.Release|x86.ActiveCfg = Release|x64
		{A1909E99-AD3F-4EBF-9E1E-3DC9329BE452}.Debug|Any CPU.ActiveCfg = Debug|Any CPU
		{A1909E99-AD3F-4EBF-9E1E-3DC9329BE452}.Debug|Any CPU.Build.0 = Debug|Any CPU
		{A1909E99-AD3F-4EBF-9E1E-3DC9329BE452}.Debug|x64.ActiveCfg = Debug|Any CPU
		{A1909E99-AD3F-4EBF-9E1E-3DC9329BE452}.Debug|x64.Build.0 = Debug|Any CPU
		{A1909E99-AD3F-4EBF-9E1E-3DC9329BE452}.Debug|x86.ActiveCfg = Debug|Any CPU
		{A1909E99-AD3F-4EBF-9E1E-3DC9329BE452}.Debug|x86.Build.0 = Debug|Any CPU
		{A1909E99-AD3F-4EBF-9E1E-3DC9329BE452}.Fast|Any CPU.ActiveCfg = Debug|Any CPU
		{A1909E99-AD3F-4EBF-9E1E-3DC9329BE452}.Fast|Any CPU.Build.0 = Debug|Any CPU
		{A1909E99-AD3F-4EBF-9E1E-3DC9329BE452}.Fast|x64.ActiveCfg = Debug|Any CPU
		{A1909E99-AD3F-4EBF-9E1E-3DC9329BE452}.Fast|x64.Build.0 = Debug|Any CPU
		{A1909E99-AD3F-4EBF-9E1E-3DC9329BE452}.Fast|x86.ActiveCfg = Debug|Any CPU
		{A1909E99-AD3F-4EBF-9E1E-3DC9329BE452}.Fast|x86.Build.0 = Debug|Any CPU
		{A1909E99-AD3F-4EBF-9E1E-3DC9329BE452}.Release|Any CPU.ActiveCfg = Debug|Any CPU
		{A1909E99-AD3F-4EBF-9E1E-3DC9329BE452}.Release|Any CPU.Build.0 = Debug|Any CPU
		{A1909E99-AD3F-4EBF-9E1E-3DC9329BE452}.Release|x64.ActiveCfg = Debug|Any CPU
		{A1909E99-AD3F-4EBF-9E1E-3DC9329BE452}.Release|x64.Build.0 = Debug|Any CPU
		{A1909E99-AD3F-4EBF-9E1E-3DC9329BE452}.Release|x86.ActiveCfg = Debug|Any CPU
		{A1909E99-AD3F-4EBF-9E1E-3DC9329BE452}.Release|x86.Build.0 = Debug|Any CPU
		{958481C4-BC7E-4BFA-93E8-0B2EED5EB5C5}.Debug|Any CPU.ActiveCfg = Debug|Any CPU
		{958481C4-BC7E-4BFA-93E8-0B2EED5EB5C5}.Debug|Any CPU.Build.0 = Debug|Any CPU
		{958481C4-BC7E-4BFA-93E8-0B2EED5EB5C5}.Debug|x64.ActiveCfg = Debug|Any CPU
		{958481C4-BC7E-4BFA-93E8-0B2EED5EB5C5}.Debug|x64.Build.0 = Debug|Any CPU
		{958481C4-BC7E-4BFA-93E8-0B2EED5EB5C5}.Debug|x86.ActiveCfg = Debug|Any CPU
		{958481C4-BC7E-4BFA-93E8-0B2EED5EB5C5}.Debug|x86.Build.0 = Debug|Any CPU
		{958481C4-BC7E-4BFA-93E8-0B2EED5EB5C5}.Fast|Any CPU.ActiveCfg = Debug|Any CPU
		{958481C4-BC7E-4BFA-93E8-0B2EED5EB5C5}.Fast|Any CPU.Build.0 = Debug|Any CPU
		{958481C4-BC7E-4BFA-93E8-0B2EED5EB5C5}.Fast|x64.ActiveCfg = Debug|Any CPU
		{958481C4-BC7E-4BFA-93E8-0B2EED5EB5C5}.Fast|x64.Build.0 = Debug|Any CPU
		{958481C4-BC7E-4BFA-93E8-0B2EED5EB5C5}.Fast|x86.ActiveCfg = Debug|Any CPU
		{958481C4-BC7E-4BFA-93E8-0B2EED5EB5C5}.Fast|x86.Build.0 = Debug|Any CPU
		{958481C4-BC7E-4BFA-93E8-0B2EED5EB5C5}.Release|Any CPU.ActiveCfg = Debug|Any CPU
		{958481C4-BC7E-4BFA-93E8-0B2EED5EB5C5}.Release|Any CPU.Build.0 = Debug|Any CPU
		{958481C4-BC7E-4BFA-93E8-0B2EED5EB5C5}.Release|x64.ActiveCfg = Debug|Any CPU
		{958481C4-BC7E-4BFA-93E8-0B2EED5EB5C5}.Release|x64.Build.0 = Debug|Any CPU
		{958481C4-BC7E-4BFA-93E8-0B2EED5EB5C5}.Release|x86.ActiveCfg = Debug|Any CPU
		{958481C4-BC7E-4BFA-93E8-0B2EED5EB5C5}.Release|x86.Build.0 = Debug|Any CPU
	EndGlobalSection
	GlobalSection(SolutionProperties) = preSolution
		HideSolutionNode = FALSE
	EndGlobalSection
	GlobalSection(ExtensibilityGlobals) = postSolution
		SolutionGuid = {FEFEB9DD-72C8-4D5D-992E-586A2470F23B}
	EndGlobalSection
EndGlobal
