<?xml version="1.0" encoding="utf-8"?>
<Project ToolsVersion="4.0" xmlns="http://schemas.microsoft.com/developer/msbuild/2003">
  <ItemGroup>
    <Filter Include="Source Files">
      <UniqueIdentifier>{4FC737F1-C7A5-4376-A066-2A32D752A2FF}</UniqueIdentifier>
      <Extensions>cpp;c;cc;cxx;def;odl;idl;hpj;bat;asm;asmx</Extensions>
    </Filter>
    <Filter Include="toasty-toast">
      <UniqueIdentifier>{beca3906-afad-4543-b9dc-f7f349a2bde8}</UniqueIdentifier>
    </Filter>
    <Filter Include="Resources">
      <UniqueIdentifier>{13b2cfee-9508-49df-b856-a20b4454ea7c}</UniqueIdentifier>
    </Filter>
  </ItemGroup>
  <ItemGroup>
    <ClCompile Include="..\sauce\test\ssc-test.cpp">
      <Filter>Source Files</Filter>
    </ClCompile>
    <ClCompile Include="..\sauce\feedback\nitnames.cpp">
      <Filter>Source Files</Filter>
    </ClCompile>
  </ItemGroup>
  <ItemGroup>
    <Text Include="..\toast\ssc-test\good.txt">
      <Filter>toasty-toast</Filter>
    </Text>
    <Text Include="..\toast\ssc-test\lines.txt">
      <Filter>toasty-toast</Filter>
    </Text>
    <Text Include="..\toast\ssc-test\output.txt">
      <Filter>toasty-toast</Filter>
    </Text>
    <Text Include="..\toast\ssc-test\un.txt">
      <Filter>toasty-toast</Filter>
    </Text>
    <Text Include="..\toast\ssc-test\unexpected.txt">
      <Filter>toasty-toast</Filter>
    </Text>
    <Text Include="..\toast\ssc-test\unreported.txt">
      <Filter>toasty-toast</Filter>
    </Text>
  </ItemGroup>
  <ItemGroup>
    <None Include="..\toast\ssc-test\input.spec">
      <Filter>toasty-toast</Filter>
    </None>
    <None Include="..\toast\ssc-test\all.lst">
      <Filter>toasty-toast</Filter>
    </None>
    <None Include="..\toast\ssc-test\nix.lst">
      <Filter>toasty-toast</Filter>
    </None>
    <None Include="..\toast\ssc-test\simple.lst">
      <Filter>toasty-toast</Filter>
    </None>
    <None Include="..\toast\ssc-test\win.lst">
      <Filter>toasty-toast</Filter>
    </None>
  </ItemGroup>
  <ItemGroup>
    <ResourceCompile Include="ssc19-test.rc">
      <Filter>Resources</Filter>
    </ResourceCompile>
  </ItemGroup>
  <ItemGroup>
    <ClInclude Include="resource1.h">
      <Filter>Resources</Filter>
    </ClInclude>
  </ItemGroup>
</Project>