Microsoft Visual Studio Solution File, Format Version 12.00
# Visual Studio 15
VisualStudioVersion = 15.0.28307.1267
MinimumVisualStudioVersion = 10.0.40219.1
Project("{8BC9CEB8-8B4A-11D0-8D11-00A0C91BC942}") = "ssc17-test", "ssc17-test.vcxproj", "{B510668A-EE92-451F-9DF5-E8210CB9B848}"
EndProject
Project("{8BC9CEB8-8B4A-11D0-8D11-00A0C91BC942}") = "ssc17", "ssc17.vcxproj", "{AE8D3A4F-638E-4F5E-AB95-6168B936CD4C}"
	ProjectSection(ProjectDependencies) = postProject
		{B510668A-EE92-451F-9DF5-E8210CB9B848} = {B510668A-EE92-451F-9DF5-E8210CB9B848}
	EndProjectSection
EndProject
Global
	GlobalSection(SolutionConfigurationPlatforms) = preSolution
		Debug|x64 = Debug|x64
		Debug|x86 = Debug|x86
		Fast|x64 = Fast|x64
		Fast|x86 = Fast|x86
		Release|x64 = Release|x64
		Release|x86 = Release|x86
	EndGlobalSection
	GlobalSection(ProjectConfigurationPlatforms) = postSolution
		{B510668A-EE92-451F-9DF5-E8210CB9B848}.Debug|x64.ActiveCfg = Debug|x64
		{B510668A-EE92-451F-9DF5-E8210CB9B848}.Debug|x64.Build.0 = Debug|x64
		{B510668A-EE92-451F-9DF5-E8210CB9B848}.Debug|x86.ActiveCfg = Debug|x64
		{B510668A-EE92-451F-9DF5-E8210CB9B848}.Fast|x64.ActiveCfg = Release|x64
		{B510668A-EE92-451F-9DF5-E8210CB9B848}.Fast|x64.Build.0 = Release|x64
		{B510668A-EE92-451F-9DF5-E8210CB9B848}.Fast|x86.ActiveCfg = Release|x64
		{B510668A-EE92-451F-9DF5-E8210CB9B848}.Fast|x86.Build.0 = Release|x64
		{B510668A-EE92-451F-9DF5-E8210CB9B848}.Release|x64.ActiveCfg = Release|x64
		{B510668A-EE92-451F-9DF5-E8210CB9B848}.Release|x64.Build.0 = Release|x64
		{B510668A-EE92-451F-9DF5-E8210CB9B848}.Release|x86.ActiveCfg = Release|x64
		{AE8D3A4F-638E-4F5E-AB95-6168B936CD4C}.Debug|x64.ActiveCfg = Debug|x64
		{AE8D3A4F-638E-4F5E-AB95-6168B936CD4C}.Debug|x64.Build.0 = Debug|x64
		{AE8D3A4F-638E-4F5E-AB95-6168B936CD4C}.Debug|x86.ActiveCfg = Debug|x64
		{AE8D3A4F-638E-4F5E-AB95-6168B936CD4C}.Fast|x64.ActiveCfg = Release|x64
		{AE8D3A4F-638E-4F5E-AB95-6168B936CD4C}.Fast|x64.Build.0 = Release|x64
		{AE8D3A4F-638E-4F5E-AB95-6168B936CD4C}.Fast|x86.ActiveCfg = Release|x64
		{AE8D3A4F-638E-4F5E-AB95-6168B936CD4C}.Fast|x86.Build.0 = Release|x64
		{AE8D3A4F-638E-4F5E-AB95-6168B936CD4C}.Release|x64.ActiveCfg = Release|x64
		{AE8D3A4F-638E-4F5E-AB95-6168B936CD4C}.Release|x64.Build.0 = Release|x64
		{AE8D3A4F-638E-4F5E-AB95-6168B936CD4C}.Release|x86.ActiveCfg = Release|x64
	EndGlobalSection
	GlobalSection(SolutionProperties) = preSolution
		HideSolutionNode = FALSE
	EndGlobalSection
	GlobalSection(ExtensibilityGlobals) = postSolution
		SolutionGuid = {FEFEB9DD-72C8-4D5D-992E-586A2470F23B}
	EndGlobalSection
EndGlobal
