<?xml version="1.0" encoding="utf-8"?>
<Project ToolsVersion="4.0" xmlns="http://schemas.microsoft.com/developer/msbuild/2003">
  <ItemGroup>
    <Filter Include="Source Files">
      <UniqueIdentifier>{4FC737F1-C7A5-4376-A066-2A32D752A2FF}</UniqueIdentifier>
      <Extensions>cpp;c;cc;cxx;c++;def;odl;idl;hpj;bat;asm;asmx</Extensions>
    </Filter>
    <Filter Include="Header Files">
      <UniqueIdentifier>{93995380-89BD-4b04-88EB-625FBE52EBFB}</UniqueIdentifier>
      <Extensions>h;hh;hpp;hxx;h++;hm;inl;inc;ipp;xsd</Extensions>
    </Filter>
    <Filter Include="Resource Files">
      <UniqueIdentifier>{67DA6AB6-F800-4c08-8B7A-83BB121AAD01}</UniqueIdentifier>
      <Extensions>rc;ico;cur;bmp;dlg;rc2;rct;bin;rgs;gif;jpg;jpeg;jpe;resx;tiff;tif;png;wav;mfcribbon-ms</Extensions>
    </Filter>
    <Filter Include="Tester-Tests">
      <UniqueIdentifier>{e61e58e4-e36d-41c8-a805-64e6c7ce4857}</UniqueIdentifier>
    </Filter>
  </ItemGroup>
  <ItemGroup>
    <ClCompile Include="ssc-test.cpp">
      <Filter>Source Files</Filter>
    </ClCompile>
  </ItemGroup>
  <ItemGroup>
    <None Include="tests\ssc-test\input.spec">
      <Filter>Tester-Tests</Filter>
    </None>
    <None Include="tests\ssc-test\scc.lst">
      <Filter>Tester-Tests</Filter>
    </None>
  </ItemGroup>
  <ItemGroup>
    <Text Include="tests\ssc-test\output.txt">
      <Filter>Tester-Tests</Filter>
    </Text>
    <Text Include="tests\ssc-test\good.txt">
      <Filter>Tester-Tests</Filter>
    </Text>
    <Text Include="tests\ssc-test\un.txt">
      <Filter>Tester-Tests</Filter>
    </Text>
    <Text Include="tests\ssc-test\unexpected.txt">
      <Filter>Tester-Tests</Filter>
    </Text>
    <Text Include="tests\ssc-test\unreported.txt">
      <Filter>Tester-Tests</Filter>
    </Text>
    <Text Include="tests\ssc-test\lines.txt">
      <Filter>Tester-Tests</Filter>
    </Text>
  </ItemGroup>
</Project>